
Microsoft Visual Studio Solution File, Format Version 12.00
# Visual Studio 15
VisualStudioVersion = 15.0.28307.168
MinimumVisualStudioVersion = 10.0.40219.1
Project("{FAE04EC0-301F-11D3-BF4B-00C04F79EFBC}") = "WinFormsCourses", "WinFormsCourses\WinFormsCourses.csproj", "{DD3815D9-25AE-4D65-A4D1-764F7C942B05}"
EndProject
Project("{FAE04EC0-301F-11D3-BF4B-00C04F79EFBC}") = "CoursesData", "CoursesData\CoursesData.csproj", "{FD64538A-B602-4F1F-AFDC-45FF4E067044}"
EndProject
Global
	GlobalSection(SolutionConfigurationPlatforms) = preSolution
		Debug|Any CPU = Debug|Any CPU
		Release|Any CPU = Release|Any CPU
	EndGlobalSection
	GlobalSection(ProjectConfigurationPlatforms) = postSolution
		{DD3815D9-25AE-4D65-A4D1-764F7C942B05}.Debug|Any CPU.ActiveCfg = Debug|Any CPU
		{DD3815D9-25AE-4D65-A4D1-764F7C942B05}.Debug|Any CPU.Build.0 = Debug|Any CPU
		{DD3815D9-25AE-4D65-A4D1-764F7C942B05}.Release|Any CPU.ActiveCfg = Release|Any CPU
		{DD3815D9-25AE-4D65-A4D1-764F7C942B05}.Release|Any CPU.Build.0 = Release|Any CPU
		{FD64538A-B602-4F1F-AFDC-45FF4E067044}.Debug|Any CPU.ActiveCfg = Debug|Any CPU
		{FD64538A-B602-4F1F-AFDC-45FF4E067044}.Debug|Any CPU.Build.0 = Debug|Any CPU
		{FD64538A-B602-4F1F-AFDC-45FF4E067044}.Release|Any CPU.ActiveCfg = Release|Any CPU
		{FD64538A-B602-4F1F-AFDC-45FF4E067044}.Release|Any CPU.Build.0 = Release|Any CPU
	EndGlobalSection
	GlobalSection(SolutionProperties) = preSolution
		HideSolutionNode = FALSE
	EndGlobalSection
	GlobalSection(ExtensibilityGlobals) = postSolution
		SolutionGuid = {F509036C-0159-4E5F-A220-7D90D3296CDE}
	EndGlobalSection
EndGlobal
